
Microsoft Visual Studio Solution File, Format Version 12.00
# Visual Studio Version 16
VisualStudioVersion = 16.0.30611.23
MinimumVisualStudioVersion = 10.0.40219.1
Project("{8BC9CEB8-8B4A-11D0-8D11-00A0C91BC942}") = "WLWZHunter", "WLWZHunter.vcxproj", "{ADEC2211-57FD-45CA-8AEB-C3BBCE6787E4}"
EndProject
Project("{8BC9CEB8-8B4A-11D0-8D11-00A0C91BC942}") = "InjectHunterDll", "..\InjectHunterDll\InjectHunterDll.vcxproj", "{5C69656F-7149-46F1-A6BE-188602E47748}"
	ProjectSection(ProjectDependencies) = postProject
		{ADEC2211-57FD-45CA-8AEB-C3BBCE6787E4} = {ADEC2211-57FD-45CA-8AEB-C3BBCE6787E4}
	EndProjectSection
EndProject
Global
	GlobalSection(SolutionConfigurationPlatforms) = preSolution
		Debug|x64 = Debug|x64
		Debug|x86 = Debug|x86
		Release|x64 = Release|x64
		Release|x86 = Release|x86
	EndGlobalSection
	GlobalSection(ProjectConfigurationPlatforms) = postSolution
		{ADEC2211-57FD-45CA-8AEB-C3BBCE6787E4}.Debug|x64.ActiveCfg = Debug|x64
		{ADEC2211-57FD-45CA-8AEB-C3BBCE6787E4}.Debug|x64.Build.0 = Debug|x64
		{ADEC2211-57FD-45CA-8AEB-C3BBCE6787E4}.Debug|x86.ActiveCfg = Debug|Win32
		{ADEC2211-57FD-45CA-8AEB-C3BBCE6787E4}.Debug|x86.Build.0 = Debug|Win32
		{ADEC2211-57FD-45CA-8AEB-C3BBCE6787E4}.Release|x64.ActiveCfg = Release|x64
		{ADEC2211-57FD-45CA-8AEB-C3BBCE6787E4}.Release|x64.Build.0 = Release|x64
		{ADEC2211-57FD-45CA-8AEB-C3BBCE6787E4}.Release|x86.ActiveCfg = Release|Win32
		{ADEC2211-57FD-45CA-8AEB-C3BBCE6787E4}.Release|x86.Build.0 = Release|Win32
		{5C69656F-7149-46F1-A6BE-188602E47748}.Debug|x64.ActiveCfg = Debug|x64
		{5C69656F-7149-46F1-A6BE-188602E47748}.Debug|x64.Build.0 = Debug|x64
		{5C69656F-7149-46F1-A6BE-188602E47748}.Debug|x86.ActiveCfg = Debug|Win32
		{5C69656F-7149-46F1-A6BE-188602E47748}.Debug|x86.Build.0 = Debug|Win32
		{5C69656F-7149-46F1-A6BE-188602E47748}.Release|x64.ActiveCfg = Release|x64
		{5C69656F-7149-46F1-A6BE-188602E47748}.Release|x64.Build.0 = Release|x64
		{5C69656F-7149-46F1-A6BE-188602E47748}.Release|x86.ActiveCfg = Release|Win32
		{5C69656F-7149-46F1-A6BE-188602E47748}.Release|x86.Build.0 = Release|Win32
	EndGlobalSection
	GlobalSection(SolutionProperties) = preSolution
		HideSolutionNode = FALSE
	EndGlobalSection
	GlobalSection(ExtensibilityGlobals) = postSolution
		SolutionGuid = {D6A40938-9210-415A-BDA6-772D1821FF2D}
	EndGlobalSection
EndGlobal
